// !$*UTF8*$!
{
	archiveVersion = 1;
	classes = {
	};
	objectVersion = 50;
	objects = {

/* Begin PBXBuildFile section */
		099785C7239813F600556FD6 /* AppDelegate.swift in Sources */ = {isa = PBXBuildFile; fileRef = 099785C6239813F600556FD6 /* AppDelegate.swift */; };
		099785C9239813F600556FD6 /* GameScene.sks in Resources */ = {isa = PBXBuildFile; fileRef = 099785C8239813F600556FD6 /* GameScene.sks */; };
		099785CB239813F600556FD6 /* Actions.sks in Resources */ = {isa = PBXBuildFile; fileRef = 099785CA239813F600556FD6 /* Actions.sks */; };
		099785CD239813F600556FD6 /* GameScene.swift in Sources */ = {isa = PBXBuildFile; fileRef = 099785CC239813F600556FD6 /* GameScene.swift */; };
		099785CF239813F600556FD6 /* GameViewController.swift in Sources */ = {isa = PBXBuildFile; fileRef = 099785CE239813F600556FD6 /* GameViewController.swift */; };
		099785D2239813F600556FD6 /* Main.storyboard in Resources */ = {isa = PBXBuildFile; fileRef = 099785D0239813F600556FD6 /* Main.storyboard */; };
		099785D4239813F700556FD6 /* Assets.xcassets in Resources */ = {isa = PBXBuildFile; fileRef = 099785D3239813F700556FD6 /* Assets.xcassets */; };
		099785D7239813F700556FD6 /* LaunchScreen.storyboard in Resources */ = {isa = PBXBuildFile; fileRef = 099785D5239813F700556FD6 /* LaunchScreen.storyboard */; };
		099785E2239813F700556FD6 /* cs441_Project7Tests.swift in Sources */ = {isa = PBXBuildFile; fileRef = 099785E1239813F700556FD6 /* cs441_Project7Tests.swift */; };
		099785ED239813F700556FD6 /* cs441_Project7UITests.swift in Sources */ = {isa = PBXBuildFile; fileRef = 099785EC239813F700556FD6 /* cs441_Project7UITests.swift */; };
/* End PBXBuildFile section */

/* Begin PBXContainerItemProxy section */
		099785DE239813F700556FD6 /* PBXContainerItemProxy */ = {
			isa = PBXContainerItemProxy;
			containerPortal = 099785BB239813F600556FD6 /* Project object */;
			proxyType = 1;
			remoteGlobalIDString = 099785C2239813F600556FD6;
			remoteInfo = cs441_Project7;
		};
		099785E9239813F700556FD6 /* PBXContainerItemProxy */ = {
			isa = PBXContainerItemProxy;
			containerPortal = 099785BB239813F600556FD6 /* Project object */;
			proxyType = 1;
			remoteGlobalIDString = 099785C2239813F600556FD6;
			remoteInfo = cs441_Project7;
		};
/* End PBXContainerItemProxy section */

/* Begin PBXFileReference section */
		099785C3239813F600556FD6 /* cs441_Project7.app */ = {isa = PBXFileReference; explicitFileType = wrapper.application; includeInIndex = 0; path = cs441_Project7.app; sourceTree = BUILT_PRODUCTS_DIR; };
		099785C6239813F600556FD6 /* AppDelegate.swift */ = {isa = PBXFileReference; lastKnownFileType = sourcecode.swift; path = AppDelegate.swift; sourceTree = "<group>"; };
		099785C8239813F600556FD6 /* GameScene.sks */ = {isa = PBXFileReference; lastKnownFileType = file.sks; path = GameScene.sks; sourceTree = "<group>"; };
		099785CA239813F600556FD6 /* Actions.sks */ = {isa = PBXFileReference; lastKnownFileType = file.sks; path = Actions.sks; sourceTree = "<group>"; };
		099785CC239813F600556FD6 /* GameScene.swift */ = {isa = PBXFileReference; lastKnownFileType = sourcecode.swift; path = GameScene.swift; sourceTree = "<group>"; };
		099785CE239813F600556FD6 /* GameViewController.swift */ = {isa = PBXFileReference; lastKnownFileType = sourcecode.swift; path = GameViewController.swift; sourceTree = "<group>"; };
		099785D1239813F600556FD6 /* Base */ = {isa = PBXFileReference; lastKnownFileType = file.storyboard; name = Base; path = Base.lproj/Main.storyboard; sourceTree = "<group>"; };
		099785D3239813F700556FD6 /* Assets.xcassets */ = {isa = PBXFileReference; lastKnownFileType = folder.assetcatalog; path = Assets.xcassets; sourceTree = "<group>"; };
		099785D6239813F700556FD6 /* Base */ = {isa = PBXFileReference; lastKnownFileType = file.storyboard; name = Base; path = Base.lproj/LaunchScreen.storyboard; sourceTree = "<group>"; };
		099785D8239813F700556FD6 /* Info.plist */ = {isa = PBXFileReference; lastKnownFileType = text.plist.xml; path = Info.plist; sourceTree = "<group>"; };
		099785DD239813F700556FD6 /* cs441_Project7Tests.xctest */ = {isa = PBXFileReference; explicitFileType = wrapper.cfbundle; includeInIndex = 0; path = cs441_Project7Tests.xctest; sourceTree = BUILT_PRODUCTS_DIR; };
		099785E1239813F700556FD6 /* cs441_Project7Tests.swift */ = {isa = PBXFileReference; lastKnownFileType = sourcecode.swift; path = cs441_Project7Tests.swift; sourceTree = "<group>"; };
		099785E3239813F700556FD6 /* Info.plist */ = {isa = PBXFileReference; lastKnownFileType = text.plist.xml; path = Info.plist; sourceTree = "<group>"; };
		099785E8239813F700556FD6 /* cs441_Project7UITests.xctest */ = {isa = PBXFileReference; explicitFileType = wrapper.cfbundle; includeInIndex = 0; path = cs441_Project7UITests.xctest; sourceTree = BUILT_PRODUCTS_DIR; };
		099785EC239813F700556FD6 /* cs441_Project7UITests.swift */ = {isa = PBXFileReference; lastKnownFileType = sourcecode.swift; path = cs441_Project7UITests.swift; sourceTree = "<group>"; };
		099785EE239813F700556FD6 /* Info.plist */ = {isa = PBXFileReference; lastKnownFileType = text.plist.xml; path = Info.plist; sourceTree = "<group>"; };
/* End PBXFileReference section */

/* Begin PBXFrameworksBuildPhase section */
		099785C0239813F600556FD6 /* Frameworks */ = {
			isa = PBXFrameworksBuildPhase;
			buildActionMask = 2147483647;
			files = (
			);
			runOnlyForDeploymentPostprocessing = 0;
		};
		099785DA239813F700556FD6 /* Frameworks */ = {
			isa = PBXFrameworksBuildPhase;
			buildActionMask = 2147483647;
			files = (
			);
			runOnlyForDeploymentPostprocessing = 0;
		};
		099785E5239813F700556FD6 /* Frameworks */ = {
			isa = PBXFrameworksBuildPhase;
			buildActionMask = 2147483647;
			files = (
			);
			runOnlyForDeploymentPostprocessing = 0;
		};
/* End PBXFrameworksBuildPhase section */

/* Begin PBXGroup section */
		099785BA239813F600556FD6 = {
			isa = PBXGroup;
			children = (
				099785C5239813F600556FD6 /* cs441_Project7 */,
				099785E0239813F700556FD6 /* cs441_Project7Tests */,
				099785EB239813F700556FD6 /* cs441_Project7UITests */,
				099785C4239813F600556FD6 /* Products */,
			);
			sourceTree = "<group>";
		};
		099785C4239813F600556FD6 /* Products */ = {
			isa = PBXGroup;
			children = (
				099785C3239813F600556FD6 /* cs441_Project7.app */,
				099785DD239813F700556FD6 /* cs441_Project7Tests.xctest */,
				099785E8239813F700556FD6 /* cs441_Project7UITests.xctest */,
			);
			name = Products;
			sourceTree = "<group>";
		};
		099785C5239813F600556FD6 /* cs441_Project7 */ = {
			isa = PBXGroup;
			children = (
				099785C6239813F600556FD6 /* AppDelegate.swift */,
				099785C8239813F600556FD6 /* GameScene.sks */,
				099785CA239813F600556FD6 /* Actions.sks */,
				099785CC239813F600556FD6 /* GameScene.swift */,
				099785CE239813F600556FD6 /* GameViewController.swift */,
				099785D0239813F600556FD6 /* Main.storyboard */,
				099785D3239813F700556FD6 /* Assets.xcassets */,
				099785D5239813F700556FD6 /* LaunchScreen.storyboard */,
				099785D8239813F700556FD6 /* Info.plist */,
			);
			path = cs441_Project7;
			sourceTree = "<group>";
		};
		099785E0239813F700556FD6 /* cs441_Project7Tests */ = {
			isa = PBXGroup;
			children = (
				099785E1239813F700556FD6 /* cs441_Project7Tests.swift */,
				099785E3239813F700556FD6 /* Info.plist */,
			);
			path = cs441_Project7Tests;
			sourceTree = "<group>";
		};
		099785EB239813F700556FD6 /* cs441_Project7UITests */ = {
			isa = PBXGroup;
			children = (
				099785EC239813F700556FD6 /* cs441_Project7UITests.swift */,
				099785EE239813F700556FD6 /* Info.plist */,
			);
			path = cs441_Project7UITests;
			sourceTree = "<group>";
		};
/* End PBXGroup section */

/* Begin PBXNativeTarget section */
		099785C2239813F600556FD6 /* cs441_Project7 */ = {
			isa = PBXNativeTarget;
			buildConfigurationList = 099785F1239813F700556FD6 /* Build configuration list for PBXNativeTarget "cs441_Project7" */;
			buildPhases = (
				099785BF239813F600556FD6 /* Sources */,
				099785C0239813F600556FD6 /* Frameworks */,
				099785C1239813F600556FD6 /* Resources */,
			);
			buildRules = (
			);
			dependencies = (
			);
			name = cs441_Project7;
			productName = cs441_Project7;
			productReference = 099785C3239813F600556FD6 /* cs441_Project7.app */;
			productType = "com.apple.product-type.application";
		};
		099785DC239813F700556FD6 /* cs441_Project7Tests */ = {
			isa = PBXNativeTarget;
			buildConfigurationList = 099785F4239813F700556FD6 /* Build configuration list for PBXNativeTarget "cs441_Project7Tests" */;
			buildPhases = (
				099785D9239813F700556FD6 /* Sources */,
				099785DA239813F700556FD6 /* Frameworks */,
				099785DB239813F700556FD6 /* Resources */,
			);
			buildRules = (
			);
			dependencies = (
				099785DF239813F700556FD6 /* PBXTargetDependency */,
			);
			name = cs441_Project7Tests;
			productName = cs441_Project7Tests;
			productReference = 099785DD239813F700556FD6 /* cs441_Project7Tests.xctest */;
			productType = "com.apple.product-type.bundle.unit-test";
		};
		099785E7239813F700556FD6 /* cs441_Project7UITests */ = {
			isa = PBXNativeTarget;
			buildConfigurationList = 099785F7239813F700556FD6 /* Build configuration list for PBXNativeTarget "cs441_Project7UITests" */;
			buildPhases = (
				099785E4239813F700556FD6 /* Sources */,
				099785E5239813F700556FD6 /* Frameworks */,
				099785E6239813F700556FD6 /* Resources */,
			);
			buildRules = (
			);
			dependencies = (
				099785EA239813F700556FD6 /* PBXTargetDependency */,
			);
			name = cs441_Project7UITests;
			productName = cs441_Project7UITests;
			productReference = 099785E8239813F700556FD6 /* cs441_Project7UITests.xctest */;
			productType = "com.apple.product-type.bundle.ui-testing";
		};
/* End PBXNativeTarget section */

/* Begin PBXProject section */
		099785BB239813F600556FD6 /* Project object */ = {
			isa = PBXProject;
			attributes = {
				LastSwiftUpdateCheck = 1120;
				LastUpgradeCheck = 1120;
				ORGANIZATIONNAME = "Tyler Wellington";
				TargetAttributes = {
					099785C2239813F600556FD6 = {
						CreatedOnToolsVersion = 11.2.1;
					};
					099785DC239813F700556FD6 = {
						CreatedOnToolsVersion = 11.2.1;
						TestTargetID = 099785C2239813F600556FD6;
					};
					099785E7239813F700556FD6 = {
						CreatedOnToolsVersion = 11.2.1;
						TestTargetID = 099785C2239813F600556FD6;
					};
				};
			};
			buildConfigurationList = 099785BE239813F600556FD6 /* Build configuration list for PBXProject "cs441_Project7" */;
			compatibilityVersion = "Xcode 9.3";
			developmentRegion = en;
			hasScannedForEncodings = 0;
			knownRegions = (
				en,
				Base,
			);
			mainGroup = 099785BA239813F600556FD6;
			productRefGroup = 099785C4239813F600556FD6 /* Products */;
			projectDirPath = "";
			projectRoot = "";
			targets = (
				099785C2239813F600556FD6 /* cs441_Project7 */,
				099785DC239813F700556FD6 /* cs441_Project7Tests */,
				099785E7239813F700556FD6 /* cs441_Project7UITests */,
			);
		};
/* End PBXProject section */

/* Begin PBXResourcesBuildPhase section */
		099785C1239813F600556FD6 /* Resources */ = {
			isa = PBXResourcesBuildPhase;
			buildActionMask = 2147483647;
			files = (
				099785D2239813F600556FD6 /* Main.storyboard in Resources */,
				099785C9239813F600556FD6 /* GameScene.sks in Resources */,
				099785D4239813F700556FD6 /* Assets.xcassets in Resources */,
				099785D7239813F700556FD6 /* LaunchScreen.storyboard in Resources */,
				099785CB239813F600556FD6 /* Actions.sks in Resources */,
			);
			runOnlyForDeploymentPostprocessing = 0;
		};
		099785DB239813F700556FD6 /* Resources */ = {
			isa = PBXResourcesBuildPhase;
			buildActionMask = 2147483647;
			files = (
			);
			runOnlyForDeploymentPostprocessing = 0;
		};
		099785E6239813F700556FD6 /* Resources */ = {
			isa = PBXResourcesBuildPhase;
			buildActionMask = 2147483647;
			files = (
			);
			runOnlyForDeploymentPostprocessing = 0;
		};
/* End PBXResourcesBuildPhase section */

/* Begin PBXSourcesBuildPhase section */
		099785BF239813F600556FD6 /* Sources */ = {
			isa = PBXSourcesBuildPhase;
			buildActionMask = 2147483647;
			files = (
				099785CD239813F600556FD6 /* GameScene.swift in Sources */,
				099785CF239813F600556FD6 /* GameViewController.swift in Sources */,
				099785C7239813F600556FD6 /* AppDelegate.swift in Sources */,
			);
			runOnlyForDeploymentPostprocessing = 0;
		};
		099785D9239813F700556FD6 /* Sources */ = {
			isa = PBXSourcesBuildPhase;
			buildActionMask = 2147483647;
			files = (
				099785E2239813F700556FD6 /* cs441_Project7Tests.swift in Sources */,
			);
			runOnlyForDeploymentPostprocessing = 0;
		};
		099785E4239813F700556FD6 /* Sources */ = {
			isa = PBXSourcesBuildPhase;
			buildActionMask = 2147483647;
			files = (
				099785ED239813F700556FD6 /* cs441_Project7UITests.swift in Sources */,
			);
			runOnlyForDeploymentPostprocessing = 0;
		};
/* End PBXSourcesBuildPhase section */

/* Begin PBXTargetDependency section */
		099785DF239813F700556FD6 /* PBXTargetDependency */ = {
			isa = PBXTargetDependency;
			target = 099785C2239813F600556FD6 /* cs441_Project7 */;
			targetProxy = 099785DE239813F700556FD6 /* PBXContainerItemProxy */;
		};
		099785EA239813F700556FD6 /* PBXTargetDependency */ = {
			isa = PBXTargetDependency;
			target = 099785C2239813F600556FD6 /* cs441_Project7 */;
			targetProxy = 099785E9239813F700556FD6 /* PBXContainerItemProxy */;
		};
/* End PBXTargetDependency section */

/* Begin PBXVariantGroup section */
		099785D0239813F600556FD6 /* Main.storyboard */ = {
			isa = PBXVariantGroup;
			children = (
				099785D1239813F600556FD6 /* Base */,
			);
			name = Main.storyboard;
			sourceTree = "<group>";
		};
		099785D5239813F700556FD6 /* LaunchScreen.storyboard */ = {
			isa = PBXVariantGroup;
			children = (
				099785D6239813F700556FD6 /* Base */,
			);
			name = LaunchScreen.storyboard;
			sourceTree = "<group>";
		};
/* End PBXVariantGroup section */

/* Begin XCBuildConfiguration section */
		099785EF239813F700556FD6 /* Debug */ = {
			isa = XCBuildConfiguration;
			buildSettings = {
				ALWAYS_SEARCH_USER_PATHS = NO;
				CLANG_ANALYZER_NONNULL = YES;
				CLANG_ANALYZER_NUMBER_OBJECT_CONVERSION = YES_AGGRESSIVE;
				CLANG_CXX_LANGUAGE_STANDARD = "gnu++14";
				CLANG_CXX_LIBRARY = "libc++";
				CLANG_ENABLE_MODULES = YES;
				CLANG_ENABLE_OBJC_ARC = YES;
				CLANG_ENABLE_OBJC_WEAK = YES;
				CLANG_WARN_BLOCK_CAPTURE_AUTORELEASING = YES;
				CLANG_WARN_BOOL_CONVERSION = YES;
				CLANG_WARN_COMMA = YES;
				CLANG_WARN_CONSTANT_CONVERSION = YES;
				CLANG_WARN_DEPRECATED_OBJC_IMPLEMENTATIONS = YES;
				CLANG_WARN_DIRECT_OBJC_ISA_USAGE = YES_ERROR;
				CLANG_WARN_DOCUMENTATION_COMMENTS = YES;
				CLANG_WARN_EMPTY_BODY = YES;
				CLANG_WARN_ENUM_CONVERSION = YES;
				CLANG_WARN_INFINITE_RECURSION = YES;
				CLANG_WARN_INT_CONVERSION = YES;
				CLANG_WARN_NON_LITERAL_NULL_CONVERSION = YES;
				CLANG_WARN_OBJC_IMPLICIT_RETAIN_SELF = YES;
				CLANG_WARN_OBJC_LITERAL_CONVERSION = YES;
				CLANG_WARN_OBJC_ROOT_CLASS = YES_ERROR;
				CLANG_WARN_RANGE_LOOP_ANALYSIS = YES;
				CLANG_WARN_STRICT_PROTOTYPES = YES;
				CLANG_WARN_SUSPICIOUS_MOVE = YES;
				CLANG_WARN_UNGUARDED_AVAILABILITY = YES_AGGRESSIVE;
				CLANG_WARN_UNREACHABLE_CODE = YES;
				CLANG_WARN__DUPLICATE_METHOD_MATCH = YES;
				COPY_PHASE_STRIP = NO;
				DEBUG_INFORMATION_FORMAT = dwarf;
				ENABLE_STRICT_OBJC_MSGSEND = YES;
				ENABLE_TESTABILITY = YES;
				GCC_C_LANGUAGE_STANDARD = gnu11;
				GCC_DYNAMIC_NO_PIC = NO;
				GCC_NO_COMMON_BLOCKS = YES;
				GCC_OPTIMIZATION_LEVEL = 0;
				GCC_PREPROCESSOR_DEFINITIONS = (
					"DEBUG=1",
					"$(inherited)",
				);
				GCC_WARN_64_TO_32_BIT_CONVERSION = YES;
				GCC_WARN_ABOUT_RETURN_TYPE = YES_ERROR;
				GCC_WARN_UNDECLARED_SELECTOR = YES;
				GCC_WARN_UNINITIALIZED_AUTOS = YES_AGGRESSIVE;
				GCC_WARN_UNUSED_FUNCTION = YES;
				GCC_WARN_UNUSED_VARIABLE = YES;
				IPHONEOS_DEPLOYMENT_TARGET = 13.2;
				MTL_ENABLE_DEBUG_INFO = INCLUDE_SOURCE;
				MTL_FAST_MATH = YES;
				ONLY_ACTIVE_ARCH = YES;
				SDKROOT = iphoneos;
				SWIFT_ACTIVE_COMPILATION_CONDITIONS = DEBUG;
				SWIFT_OPTIMIZATION_LEVEL = "-Onone";
			};
			name = Debug;
		};
		099785F0239813F700556FD6 /* Release */ = {
			isa = XCBuildConfiguration;
			buildSettings = {
				ALWAYS_SEARCH_USER_PATHS = NO;
				CLANG_ANALYZER_NONNULL = YES;
				CLANG_ANALYZER_NUMBER_OBJECT_CONVERSION = YES_AGGRESSIVE;
				CLANG_CXX_LANGUAGE_STANDARD = "gnu++14";
				CLANG_CXX_LIBRARY = "libc++";
				CLANG_ENABLE_MODULES = YES;
				CLANG_ENABLE_OBJC_ARC = YES;
				CLANG_ENABLE_OBJC_WEAK = YES;
				CLANG_WARN_BLOCK_CAPTURE_AUTORELEASING = YES;
				CLANG_WARN_BOOL_CONVERSION = YES;
				CLANG_WARN_COMMA = YES;
				CLANG_WARN_CONSTANT_CONVERSION = YES;
				CLANG_WARN_DEPRECATED_OBJC_IMPLEMENTATIONS = YES;
				CLANG_WARN_DIRECT_OBJC_ISA_USAGE = YES_ERROR;
				CLANG_WARN_DOCUMENTATION_COMMENTS = YES;
				CLANG_WARN_EMPTY_BODY = YES;
				CLANG_WARN_ENUM_CONVERSION = YES;
				CLANG_WARN_INFINITE_RECURSION = YES;
				CLANG_WARN_INT_CONVERSION = YES;
				CLANG_WARN_NON_LITERAL_NULL_CONVERSION = YES;
				CLANG_WARN_OBJC_IMPLICIT_RETAIN_SELF = YES;
				CLANG_WARN_OBJC_LITERAL_CONVERSION = YES;
				CLANG_WARN_OBJC_ROOT_CLASS = YES_ERROR;
				CLANG_WARN_RANGE_LOOP_ANALYSIS = YES;
				CLANG_WARN_STRICT_PROTOTYPES = YES;
				CLANG_WARN_SUSPICIOUS_MOVE = YES;
				CLANG_WARN_UNGUARDED_AVAILABILITY = YES_AGGRESSIVE;
				CLANG_WARN_UNREACHABLE_CODE = YES;
				CLANG_WARN__DUPLICATE_METHOD_MATCH = YES;
				COPY_PHASE_STRIP = NO;
				DEBUG_INFORMATION_FORMAT = "dwarf-with-dsym";
				ENABLE_NS_ASSERTIONS = NO;
				ENABLE_STRICT_OBJC_MSGSEND = YES;
				GCC_C_LANGUAGE_STANDARD = gnu11;
				GCC_NO_COMMON_BLOCKS = YES;
				GCC_WARN_64_TO_32_BIT_CONVERSION = YES;
				GCC_WARN_ABOUT_RETURN_TYPE = YES_ERROR;
				GCC_WARN_UNDECLARED_SELECTOR = YES;
				GCC_WARN_UNINITIALIZED_AUTOS = YES_AGGRESSIVE;
				GCC_WARN_UNUSED_FUNCTION = YES;
				GCC_WARN_UNUSED_VARIABLE = YES;
				IPHONEOS_DEPLOYMENT_TARGET = 13.2;
				MTL_ENABLE_DEBUG_INFO = NO;
				MTL_FAST_MATH = YES;
				SDKROOT = iphoneos;
				SWIFT_COMPILATION_MODE = wholemodule;
				SWIFT_OPTIMIZATION_LEVEL = "-O";
				VALIDATE_PRODUCT = YES;
			};
			name = Release;
		};
		099785F2239813F700556FD6 /* Debug */ = {
			isa = XCBuildConfiguration;
			buildSettings = {
				ASSETCATALOG_COMPILER_APPICON_NAME = AppIcon;
				CODE_SIGN_STYLE = Automatic;
				INFOPLIST_FILE = cs441_Project7/Info.plist;
				LD_RUNPATH_SEARCH_PATHS = (
					"$(inherited)",
					"@executable_path/Frameworks",
				);
				PRODUCT_BUNDLE_IDENTIFIER = "cs441.cs441-Project7";
				PRODUCT_NAME = "$(TARGET_NAME)";
				SWIFT_VERSION = 5.0;
				TARGETED_DEVICE_FAMILY = "1,2";
			};
			name = Debug;
		};
		099785F3239813F700556FD6 /* Release */ = {
			isa = XCBuildConfiguration;
			buildSettings = {
				ASSETCATALOG_COMPILER_APPICON_NAME = AppIcon;
				CODE_SIGN_STYLE = Automatic;
				INFOPLIST_FILE = cs441_Project7/Info.plist;
				LD_RUNPATH_SEARCH_PATHS = (
					"$(inherited)",
					"@executable_path/Frameworks",
				);
				PRODUCT_BUNDLE_IDENTIFIER = "cs441.cs441-Project7";
				PRODUCT_NAME = "$(TARGET_NAME)";
				SWIFT_VERSION = 5.0;
				TARGETED_DEVICE_FAMILY = "1,2";
			};
			name = Release;
		};
		099785F5239813F700556FD6 /* Debug */ = {
			isa = XCBuildConfiguration;
			buildSettings = {
				ALWAYS_EMBED_SWIFT_STANDARD_LIBRARIES = YES;
				BUNDLE_LOADER = "$(TEST_HOST)";
				CODE_SIGN_STYLE = Automatic;
				INFOPLIST_FILE = cs441_Project7Tests/Info.plist;
				IPHONEOS_DEPLOYMENT_TARGET = 13.2;
				LD_RUNPATH_SEARCH_PATHS = (
					"$(inherited)",
					"@executable_path/Frameworks",
					"@loader_path/Frameworks",
				);
				PRODUCT_BUNDLE_IDENTIFIER = "cs441.cs441-Project7Tests";
				PRODUCT_NAME = "$(TARGET_NAME)";
				SWIFT_VERSION = 5.0;
				TARGETED_DEVICE_FAMILY = "1,2";
				TEST_HOST = "$(BUILT_PRODUCTS_DIR)/cs441_Project7.app/cs441_Project7";
			};
			name = Debug;
		};
		099785F6239813F700556FD6 /* Release */ = {
			isa = XCBuildConfiguration;
			buildSettings = {
				ALWAYS_EMBED_SWIFT_STANDARD_LIBRARIES = YES;
				BUNDLE_LOADER = "$(TEST_HOST)";
				CODE_SIGN_STYLE = Automatic;
				INFOPLIST_FILE = cs441_Project7Tests/Info.plist;
				IPHONEOS_DEPLOYMENT_TARGET = 13.2;
				LD_RUNPATH_SEARCH_PATHS = (
					"$(inherited)",
					"@executable_path/Frameworks",
					"@loader_path/Frameworks",
				);
				PRODUCT_BUNDLE_IDENTIFIER = "cs441.cs441-Project7Tests";
				PRODUCT_NAME = "$(TARGET_NAME)";
				SWIFT_VERSION = 5.0;
				TARGETED_DEVICE_FAMILY = "1,2";
				TEST_HOST = "$(BUILT_PRODUCTS_DIR)/cs441_Project7.app/cs441_Project7";
			};
			name = Release;
		};
		099785F8239813F700556FD6 /* Debug */ = {
			isa = XCBuildConfiguration;
			buildSettings = {
				ALWAYS_EMBED_SWIFT_STANDARD_LIBRARIES = YES;
				CODE_SIGN_STYLE = Automatic;
				INFOPLIST_FILE = cs441_Project7UITests/Info.plist;
				LD_RUNPATH_SEARCH_PATHS = (
					"$(inherited)",
					"@executable_path/Frameworks",
					"@loader_path/Frameworks",
				);
				PRODUCT_BUNDLE_IDENTIFIER = "cs441.cs441-Project7UITests";
				PRODUCT_NAME = "$(TARGET_NAME)";
				SWIFT_VERSION = 5.0;
				TARGETED_DEVICE_FAMILY = "1,2";
				TEST_TARGET_NAME = cs441_Project7;
			};
			name = Debug;
		};
		099785F9239813F700556FD6 /* Release */ = {
			isa = XCBuildConfiguration;
			buildSettings = {
				ALWAYS_EMBED_SWIFT_STANDARD_LIBRARIES = YES;
				CODE_SIGN_STYLE = Automatic;
				INFOPLIST_FILE = cs441_Project7UITests/Info.plist;
				LD_RUNPATH_SEARCH_PATHS = (
					"$(inherited)",
					"@executable_path/Frameworks",
					"@loader_path/Frameworks",
				);
				PRODUCT_BUNDLE_IDENTIFIER = "cs441.cs441-Project7UITests";
				PRODUCT_NAME = "$(TARGET_NAME)";
				SWIFT_VERSION = 5.0;
				TARGETED_DEVICE_FAMILY = "1,2";
				TEST_TARGET_NAME = cs441_Project7;
			};
			name = Release;
		};
/* End XCBuildConfiguration section */

/* Begin XCConfigurationList section */
		099785BE239813F600556FD6 /* Build configuration list for PBXProject "cs441_Project7" */ = {
			isa = XCConfigurationList;
			buildConfigurations = (
				099785EF239813F700556FD6 /* Debug */,
				099785F0239813F700556FD6 /* Release */,
			);
			defaultConfigurationIsVisible = 0;
			defaultConfigurationName = Release;
		};
		099785F1239813F700556FD6 /* Build configuration list for PBXNativeTarget "cs441_Project7" */ = {
			isa = XCConfigurationList;
			buildConfigurations = (
				099785F2239813F700556FD6 /* Debug */,
				099785F3239813F700556FD6 /* Release */,
			);
			defaultConfigurationIsVisible = 0;
			defaultConfigurationName = Release;
		};
		099785F4239813F700556FD6 /* Build configuration list for PBXNativeTarget "cs441_Project7Tests" */ = {
			isa = XCConfigurationList;
			buildConfigurations = (
				099785F5239813F700556FD6 /* Debug */,
				099785F6239813F700556FD6 /* Release */,
			);
			defaultConfigurationIsVisible = 0;
			defaultConfigurationName = Release;
		};
		099785F7239813F700556FD6 /* Build configuration list for PBXNativeTarget "cs441_Project7UITests" */ = {
			isa = XCConfigurationList;
			buildConfigurations = (
				099785F8239813F700556FD6 /* Debug */,
				099785F9239813F700556FD6 /* Release */,
			);
			defaultConfigurationIsVisible = 0;
			defaultConfigurationName = Release;
		};
/* End XCConfigurationList section */
	};
	rootObject = 099785BB239813F600556FD6 /* Project object */;
}
